# Shapes timada persists. Generated: `cargo run -p timada-event-lock -- update`.
# `event` and `type` lines are frozen — add a new variant instead of editing
# one. A `view` line may change when its `.revision(n)` grows.
# See docs/event-evolution.md.

event timada-cart/Cart::CartAssignedToCustomer { customer_id: String }
event timada-cart/Cart::CartCheckedOut { customer_id: String, delivery_address: Address, billing_address: Address, delivery: DeliveryChoice, payment_mode: PaymentMode }
event timada-cart/Cart::CartDiscarded unit
event timada-cart/Cart::CartLineAdded { product_id: String, name: String, quantity: u32, unit_price: Money, warranty_months: u16 }
event timada-cart/Cart::CartLineQuantityChanged { product_id: String, quantity: u32 }
event timada-cart/Cart::CartLineRemoved { product_id: String }
event timada-cart/Cart::CartLineRepriced { product_id: String, unit_price: Money }
event timada-cart/Cart::CartOpened { customer_id: Option<String> }
event timada-cart/Cart::CartReopened unit
event timada-cart/Cart::CartSaved { name: String }
event timada-cart/Cart::PromoCodeApplied { code: String }
event timada-cart/Cart::PromoCodeRemoved unit
event timada-catalog/Category::CategoryArchived unit
event timada-catalog/Category::CategoryCreated { slug: String, name: String, parent_id: Option<String> }
event timada-catalog/Category::CategoryDescribed { description: String }
event timada-catalog/Category::CategoryFacetsDefined { facets: Vec<SpecKey> }
event timada-catalog/Category::CategoryMoved { parent_id: Option<String> }
event timada-catalog/Category::CategoryPositioned { position: u32 }
event timada-catalog/Category::CategoryRenamed { name: String }
event timada-catalog/Product::ProductArchived unit
event timada-catalog/Product::ProductCategorised { category_id: String }
event timada-catalog/Product::ProductCreated { sku: String, name: String, brand: Brand, category_path: Vec<String>, short_description: String, warranty_months: u16 }
event timada-catalog/Product::ProductDescribed { long_description: String, key_features: Vec<String> }
event timada-catalog/Product::ProductEnergyLabelled { class: EnergyClass, info_sheet_url: String }
event timada-catalog/Product::ProductMediaAdded { media: Media }
event timada-catalog/Product::ProductSpecified { specs: Vec<Spec> }
event timada-customer/Customer::BillingAddressSet { address: Address }
event timada-customer/Customer::CompanyIdentified { company_name: String, vat_number: String }
event timada-customer/Customer::CompanyIdentityRemoved unit
event timada-customer/Customer::CustomerEmailChanged { email: String }
event timada-customer/Customer::CustomerRegistered { email: String, civility: Civility, first_name: String, last_name: String }
event timada-customer/Customer::DeliveryAddressAdded { address_id: String, address: Address }
event timada-customer/Customer::DeliveryAddressChanged { address_id: String, address: Address }
event timada-customer/Customer::DeliveryAddressRemoved { address_id: String }
event timada-customer/Customer::PreferredDeliveryAddressChosen { address_id: String }
event timada-customer/Customer::VatNumberChecked { vat_number: String, valid: bool, consultation_ref: Option<String>, registered_name: Option<String> }
event timada-inventory/BackInStockAlert::BackInStockAlertCancelled unit
event timada-inventory/BackInStockAlert::BackInStockAlertRequested { product_id: String, customer_id: String, email: String }
event timada-inventory/BackInStockAlert::BackInStockAlertTriggered unit
event timada-inventory/StockItem::StockItemRegistered { product_id: String, location: StockLocation }
event timada-inventory/StockItem::StockReceived { quantity: u32 }
event timada-inventory/StockItem::StockReservationRejected { order_id: String, requested: u32, available: u32 }
event timada-inventory/StockItem::StockReservationReleased { order_id: String, quantity: u32 }
event timada-inventory/StockItem::StockReserved { order_id: String, quantity: u32 }
event timada-inventory/StockItem::StockReturned { return_id: String, quantity: u32 }
event timada-invoice/CreditNote::CreditNoteIssued { credit_note_number: String, refund_id: String, invoice_id: String, invoice_number: String, order_id: String, amount: Money, reason: String }
event timada-invoice/Invoice::InvoiceBuyerIdentified { buyer: BusinessBuyer }
event timada-invoice/Invoice::InvoiceDiscountApplied { label: String, amount: Money }
event timada-invoice/Invoice::InvoiceDrafted { order_id: String, customer_id: String, billing_address: Address, lines: Vec<InvoiceLine>, shipping_fee: Money, handling_fee: Money }
event timada-invoice/Invoice::InvoiceIssued { invoice_number: String }
event timada-invoice/Invoice::InvoiceReverseCharged { proof: ReverseChargeProof }
event timada-invoice/Invoice::InvoiceTaxed { zone_code: String, treatment: TaxTreatment, vat_lines: Vec<VatLine> }
event timada-invoice/Invoice::InvoiceVoided { reason: String }
event timada-order/Order::OrderBuyerIdentified { buyer: BusinessBuyer }
event timada-order/Order::OrderCancelled { reason: String }
event timada-order/Order::OrderConfirmationResent unit
event timada-order/Order::OrderDiscountApplied { code: String, kind: PromoKind, amount: Money }
event timada-order/Order::OrderNumberAssigned { order_number: String }
event timada-order/Order::OrderPaid { payment_id: String }
event timada-order/Order::OrderPlaced { cart_id: String, customer_id: String, seller: Seller, lines: Vec<OrderLine>, delivery_address: Address, billing_address: Address, delivery: DeliveryChoice, payment_mode: PaymentMode, shipping_fee: Money, handling_fee: Money, promo_code: Option<String> }
event timada-order/Order::OrderRatePinned { rate: PinnedRate }
event timada-order/Order::OrderReverseCharged { proof: ReverseChargeProof }
event timada-order/Order::OrderSettled unit
event timada-order/Order::OrderShipped { shipment_id: String, carrier: String, tracking_number: String }
event timada-order/Order::OrderTaxed { zone_code: String, treatment: TaxTreatment, vat_lines: Vec<VatLine> }
event timada-order/OrderFulfillment::FulfillmentCompensated { reason: String }
event timada-order/OrderFulfillment::FulfillmentCompleted unit
event timada-order/OrderFulfillment::FulfillmentStarted { order_id: String, lines: Vec<FulfillmentLine>, pickup_store_id: Option<String>, amount: Money, payment_mode: PaymentMode }
event timada-order/OrderFulfillment::LineStockReserved { product_id: String }
event timada-order/OrderFulfillment::PaymentCaptured unit
event timada-order/OrderFulfillment::PaymentRequested { payment_id: String }
event timada-order/OrderFulfillment::PaymentWaived unit
event timada-order/OrderFulfillment::ShipmentRequested { shipment_id: String }
event timada-payment/Payment::DisputeLost { dispute_id: String }
event timada-payment/Payment::DisputeOpened { dispute_id: String, amount: Money, reason: String, respond_by: Option<u64> }
event timada-payment/Payment::DisputeWon { dispute_id: String }
event timada-payment/Payment::PaymentCaptured { psp_reference: String }
event timada-payment/Payment::PaymentDeclined { reason: String }
event timada-payment/Payment::PaymentRefunded { amount: Money, reason: String }
event timada-payment/Payment::PaymentRequested { order_id: String, amount: Money, method: PaymentMethod }
event timada-payment/Payment::RefundFailed { refund_id: String, reason: String }
event timada-payment/Payment::RefundRequested { refund_id: String, amount: Money, reason: String }
event timada-payment/Payment::RefundSettled { refund_id: String, psp_refund_reference: String }
event timada-pricing/ProductPrice::CurrencyPriceRemoved { currency: String }
event timada-pricing/ProductPrice::CurrencyPriceSet { price_incl_tax: Money }
event timada-pricing/ProductPrice::EcoParticipationChanged { eco_participation: Money }
event timada-pricing/ProductPrice::InstallmentOfferAttached { offer: InstallmentOffer }
event timada-pricing/ProductPrice::ProductPriceChanged { price_incl_tax: Money }
event timada-pricing/ProductPrice::ProductPriceListed { product_id: String, price_incl_tax: Money, vat_rate_bp: u16, eco_participation: Money }
event timada-pricing/ProductPrice::ProductPriceWithdrawn unit
event timada-promotion/Discount::DiscountCreated { code: String, kind: DiscountKind, max_redemptions: Option<u32>, valid_until: Option<u64> }
event timada-promotion/Discount::DiscountDeactivated unit
event timada-promotion/Discount::DiscountRedeemed { order_id: String }
event timada-promotion/Discount::DiscountRedemptionReleased { order_id: String }
event timada-promotion/Voucher::VoucherCancelled { reason: String }
event timada-promotion/Voucher::VoucherIssued { code: String, customer_id: Option<String>, value: Money, kind: VoucherKind, expires_at: Option<u64> }
event timada-promotion/Voucher::VoucherRedeemed { order_id: String, amount: Money }
event timada-promotion/Voucher::VoucherRedemptionRefunded { order_id: String, amount: Money }
event timada-returns/Return::ReplacementAbandoned { reason: String }
event timada-returns/Return::ReplacementArranged { shipment_id: String }
event timada-returns/Return::ReplacementPlanned { lines: Vec<ReplacementLine>, fallback_money: Money, fallback_credit: Money }
event timada-returns/Return::ReturnApproved unit
event timada-returns/Return::ReturnCancelled unit
event timada-returns/Return::ReturnCompleted { refunded: Money, credited: Money, voucher_code: Option<String> }
event timada-returns/Return::ReturnGroundStated { ground: ReturnGround }
event timada-returns/Return::ReturnLabelFeeDeducted { amount: Money }
event timada-returns/Return::ReturnLabelIssued { carrier: String, tracking_number: String, url: Option<String>, file_name: Option<String>, fee: Money, with_approval: bool }
event timada-returns/Return::ReturnReceived { lines: Vec<ReceivedLine>, refund_method: RefundMethod, money: Money, credit: Money }
event timada-returns/Return::ReturnRefused { reason: String }
event timada-returns/Return::ReturnRequested { rma_number: String, order_id: String, customer_id: String, lines: Vec<ReturnLine>, reason: String }
event timada-review/Question::AnswerPublished { answer_id: String }
event timada-review/Question::AnswerRejected { answer_id: String, reason: String }
event timada-review/Question::AnswerSubmitted { answer_id: String, customer_id: String, body: String }
event timada-review/Question::QuestionAnswered { author: AnswerAuthor, body: String }
event timada-review/Question::QuestionAsked { product_id: String, customer_id: String, body: String }
event timada-review/Question::QuestionPublished unit
event timada-review/Question::QuestionRejected { reason: String }
event timada-review/Review::ReviewPublished unit
event timada-review/Review::ReviewRejected { reason: String }
event timada-review/Review::ReviewSubmitted { product_id: String, customer_id: String, order_id: Option<String>, rating: u8, title: String, body: String }
event timada-shipping/Shipment::ShipmentCancelled { reason: String }
event timada-shipping/Shipment::ShipmentCreated { order_id: String, method: DeliveryMethod, destination: Address, lines: Vec<ShipmentLine> }
event timada-shipping/Shipment::ShipmentDelivered unit
event timada-shipping/Shipment::ShipmentDispatched { carrier: String, tracking_number: String }
event timada-shipping/Shipment::ShipmentReplacesReturn { reference: String }

type timada-cart::DeliveryChoice { method_code: String, pickup_store_id: Option<String> }
type timada-cart::PaymentMode enum { Card, Installments { count: u8 } }
type timada-catalog::Brand { name: String, slug: String }
type timada-catalog::EnergyClass enum { A, B, C, D, E, F, G }
type timada-catalog::Media { url: String, kind: MediaKind, alt: String }
type timada-catalog::MediaKind enum { Image, Video }
type timada-catalog::Spec { group: String, label: String, value: String }
type timada-catalog::SpecKey { group: String, label: String }
type timada-core::Address { civility: Civility, first_name: String, last_name: String, line1: String, line2: Option<String>, postal_code: String, city: String, country_code: String, phone: Option<String>, mobile: Option<String> }
type timada-core::Civility enum { Mr, Mrs }
type timada-core::Money { minor: i64, currency: String }
type timada-inventory::StockLocation enum { Warehouse, Store { store_id: String } }
type timada-invoice::InvoiceLine { product_id: String, label: String, quantity: u32, unit_price: Money }
type timada-order::DeliveryChoice { method_code: String, pickup_store_id: Option<String> }
type timada-order::FulfillmentLine { product_id: String, quantity: u32 }
type timada-order::OrderLine { product_id: String, name: String, quantity: u32, unit_price: Money, warranty_months: u16 }
type timada-order::PaymentMode enum { Card, Installments { count: u8 } }
type timada-order::PromoKind enum { Discount, Voucher }
type timada-order::Seller enum { Ldlc, Marketplace { name: String } }
type timada-payment::PaymentMethod enum { Card, Installments { count: u8, fee: Money } }
type timada-pricing::InstallmentOffer { count: u8, fee: Money }
type timada-promotion::DiscountKind enum { Percent { bp: u16 }, FixedAmount { amount: Money } }
type timada-promotion::VoucherKind enum { GiftVoucher, CreditNote { origin_order_id: String } }
type timada-returns::ReceivedLine { product_id: String, accepted: u32, restock: bool }
type timada-returns::RefundMethod enum { OriginalPayment, StoreCredit }
type timada-returns::ReplacementLine { product_id: String, name: String, quantity: u32 }
type timada-returns::ReturnGround enum { ChangedMind, Defective, Damaged, WrongItem, Other }
type timada-returns::ReturnLine { product_id: String, name: String, quantity: u32, unit_price: Money }
type timada-review::AnswerAuthor enum { Staff, Customer { customer_id: String } }
type timada-shipping::DeliveryKind enum { HomeDelivery, StorePickup { store_id: String } }
type timada-shipping::DeliveryMethod { code: String, carrier: String, kind: DeliveryKind }
type timada-shipping::ShipmentLine { product_id: String, quantity: u32 }
type timada-tax::BusinessBuyer { company_name: String, vat_number: String }
type timada-tax::PinnedRate { base: String, currency: String, per_base_micros: u64, as_of: u64, source: String }
type timada-tax::ReverseChargeProof { consultation_ref: Option<String>, checked_at: u64 }
type timada-tax::TaxTreatment enum { Domestic, Export, DestinationVat }
type timada-tax::VatLine { rate_bp: u16, base: Money, vat: Money, total: Money }

view timada-cart::CartDetailsView rev=1 { id: String, customer_id: Option<String>, lines: Vec<CartLine>, promo_code: Option<String>, subtotal: Money, status: CartStatus, saved_name: Option<String>, saved_at: Option<u64> } with CartLine { product_id: String, name: String, quantity: u32, unit_price: Money, warranty_months: u16 }; CartStatus enum { Open, Saved, CheckedOut, Discarded }
view timada-catalog::ProductPageView rev=1 { id: String, sku: String, name: String, brand: Brand, category_path: Vec<String>, category_id: Option<String>, short_description: String, long_description: String, key_features: Vec<String>, specs: Vec<Spec>, media: Vec<Media>, energy_class: Option<EnergyClass>, energy_info_sheet_url: Option<String>, warranty_months: u16, archived: bool }
view timada-customer::AddressBookView rev=1 { customer_id: String, email: String, civility: Civility, first_name: String, last_name: String, billing: Option<Address>, deliveries: Vec<DeliveryAddress> } with DeliveryAddress { id: String, address: Address, preferred: bool }
view timada-inventory::StockAvailabilityView rev=0 { id: String, product_id: String, location: StockLocation, on_hand: u32, reserved: u32, available: u32, status: Availability } with Availability enum { InStock, OutOfStock }
view timada-invoice::CreditNoteView rev=0 { id: String, credit_note_number: String, refund_id: String, invoice_id: String, invoice_number: String, order_id: String, amount: Money, reason: String, issued_at: u64 }
view timada-invoice::InvoiceView rev=3 { id: String, order_id: String, customer_id: String, invoice_number: Option<String>, billing_address: Address, lines: Vec<InvoiceLine>, subtotal: Money, shipping_fee: Money, handling_fee: Money, discount: Option<InvoiceDiscount>, total: Money, tax: Option<InvoiceTax>, company: Option<timada_tax::BusinessBuyer>, reverse_charge: Option<timada_tax::ReverseChargeProof>, status: InvoiceStatus, voided_reason: Option<String>, drafted_at: u64, issued_at: Option<u64> } with InvoiceDiscount { label: String, amount: Money }; InvoiceTax { zone_code: String, treatment: TaxTreatment, vat_lines: Vec<VatLine> }; InvoiceStatus enum { Draft, Issued, Voided }
view timada-order::OrderDetailsView rev=4 { id: String, order_number: Option<String>, cart_id: String, customer_id: String, seller: Seller, placed_at: u64, status: OrderStatus, lines: Vec<OrderLine>, delivery_address: Address, billing_address: Address, delivery: DeliveryChoice, payment_mode: PaymentMode, shipping_fee: Money, handling_fee: Money, subtotal: Money, discount: Option<OrderDiscount>, tax: Option<OrderTaxSummary>, buyer: Option<BusinessBuyer>, reverse_charge: Option<ReverseChargeProof>, exchange_rate: Option<timada_tax::PinnedRate>, total: Money, promo_code: Option<String>, payment_id: Option<String>, shipment_id: Option<String>, carrier: Option<String>, tracking_number: Option<String>, shipped_at: Option<u64>, cancelled_reason: Option<String>, confirmation_resent_count: u32 } with OrderTaxSummary { zone_code: String, treatment: TaxTreatment, vat_lines: Vec<VatLine> }; OrderDiscount { code: String, kind: PromoKind, amount: Money }; OrderStatus enum { Placed, Paid, Shipped, Cancelled }
view timada-payment::PaymentView rev=2 { id: String, order_id: String, amount: Money, method: PaymentMethod, status: PaymentStatus, psp_reference: Option<String>, declined_reason: Option<String>, refunded: Money, refunds: Vec<RefundView>, disputes: Vec<DisputeView> } with DisputeView { dispute_id: String, amount: Money, reason: String, status: DisputeStatus, opened_at: u64, respond_by: Option<u64>, closed_at: Option<u64> }; RefundView { refund_id: String, amount: Money, reason: String, status: RefundStatus, requested_at: u64, psp_refund_reference: Option<String>, failure: Option<String> }; PaymentStatus enum { Requested, Captured, Declined, Refunded }; RefundStatus enum { Pending, Settled, Failed }; DisputeStatus enum { Open, Won, Lost }
view timada-pricing::ProductPriceView rev=1 { product_id: String, price_incl_tax: Money, price_excl_tax: Money, vat_rate_bp: u16, eco_participation: Money, installment: Option<InstallmentOffer>, installment_amount: Option<Money>, withdrawn: bool, currency_prices: Vec<Money> }
view timada-promotion::DiscountView rev=0 { id: String, code: String, kind: DiscountKind, max_redemptions: Option<u32>, redeemed: u32, active: bool, valid_until: Option<u64> }
view timada-promotion::VoucherView rev=0 { id: String, code: String, customer_id: Option<String>, value: Money, remaining: Money, kind: VoucherKind, expires_at: Option<u64>, cancelled: bool, cancelled_reason: Option<String>, redemptions: Vec<VoucherRedemption> } with VoucherRedemption { order_id: String, amount: Money }
view timada-returns::ReturnView rev=2 { id: String, rma_number: String, order_id: String, customer_id: String, status: ReturnStatus, lines: Vec<ReturnLine>, reason: String, requested_at: u64, refused_reason: Option<String>, received: Vec<ReceivedLine>, received_at: Option<u64>, refund_method: Option<RefundMethod>, money: Money, credit: Money, voucher_code: Option<String>, completed_at: Option<u64>, replacement: Option<ReplacementView>, ground: Option<ReturnGround>, approved_at: Option<u64>, label: Option<ReturnLabelView>, label_fee_deducted: Option<Money> } with ReturnLabelView { carrier: String, tracking_number: String, url: Option<String>, file_name: Option<String>, fee: Money, issued_at: u64, with_approval: bool }; ReplacementView { lines: Vec<ReplacementLine>, status: ReplacementStatus, shipment_id: Option<String>, abandoned_reason: Option<String>, fallback_money: Money, fallback_credit: Money }; ReplacementStatus enum { Planned, Arranged, Abandoned }; ReturnStatus enum { Requested, Approved, Refused, Cancelled, Received, Completed }
view timada-review::ReviewView rev=0 { id: String, product_id: String, customer_id: String, order_id: Option<String>, rating: u8, title: String, body: String, status: ReviewStatus, rejection_reason: Option<String> } with ReviewStatus enum { Pending, Published, Rejected }
view timada-shipping::ShipmentView rev=2 { id: String, order_id: String, method: DeliveryMethod, destination: Address, lines: Vec<ShipmentLine>, status: ShipmentStatus, carrier: Option<String>, tracking_number: Option<String>, cancelled_reason: Option<String>, replaces_return: Option<String> } with ShipmentStatus enum { Created, Dispatched, Delivered, Cancelled }
